
Microsoft Visual Studio Solution File, Format Version 12.00
# Visual Studio Version 16
VisualStudioVersion = 16.0.28803.202
MinimumVisualStudioVersion = 10.0.40219.1
Project("{FAE04EC0-301F-11D3-BF4B-00C04F79EFBC}") = "Ho.Scratch.ConsoleApp", "Ho.Scratch.ConsoleApp\Ho.Scratch.ConsoleApp.csproj", "{75855089-22EB-4102-A105-61900DCE452D}"
EndProject
Global
	GlobalSection(SolutionConfigurationPlatforms) = preSolution
		Debug|Any CPU = Debug|Any CPU
		Release|Any CPU = Release|Any CPU
	EndGlobalSection
	GlobalSection(ProjectConfigurationPlatforms) = postSolution
		{75855089-22EB-4102-A105-61900DCE452D}.Debug|Any CPU.ActiveCfg = Debug|Any CPU
		{75855089-22EB-4102-A105-61900DCE452D}.Debug|Any CPU.Build.0 = Debug|Any CPU
		{75855089-22EB-4102-A105-61900DCE452D}.Release|Any CPU.ActiveCfg = Release|Any CPU
		{75855089-22EB-4102-A105-61900DCE452D}.Release|Any CPU.Build.0 = Release|Any CPU
	EndGlobalSection
	GlobalSection(SolutionProperties) = preSolution
		HideSolutionNode = FALSE
	EndGlobalSection
	GlobalSection(ExtensibilityGlobals) = postSolution
		SolutionGuid = {EE7A0542-2184-4451-B7DB-AAD35AEB18AD}
	EndGlobalSection
EndGlobal
